
Microsoft Visual Studio Solution File, Format Version 12.00
# Visual Studio Version 16
VisualStudioVersion = 16.0.30002.166
MinimumVisualStudioVersion = 10.0.40219.1
Project("{2150E333-8FDC-42A3-9474-1A3956D46DE8}") = "tests", "tests", "{57D0DC39-872C-487D-81A5-33F97D599D20}"
	ProjectSection(SolutionItems) = preProject
		tests\amb.txt = tests\amb.txt
		tests\calc-amb.txt = tests\calc-amb.txt
		tests\calc.txt = tests\calc.txt
		tests\no-lex.txt = tests\no-lex.txt
		tests\opal.frame.txt = tests\opal.frame.txt
		tests\opal.Parser.cs = tests\opal.Parser.cs
		tests\opal.txt = tests\opal.txt
	EndProjectSection
EndProject
Project("{FAE04EC0-301F-11D3-BF4B-00C04F79EFBC}") = "OpalTests", "tests\OpalTests\OpalTests.csproj", "{323AFF7D-3B38-45FE-985F-ED42DB5D9977}"
EndProject
Project("{9A19103F-16F7-4668-BE54-9A1E7A4F7556}") = "opal", "opal\opal.csproj", "{BCB698BD-E894-42E1-8012-D95835B9108E}"
EndProject
Project("{9A19103F-16F7-4668-BE54-9A1E7A4F7556}") = "ExprBuilder", "ExprBuilder\ExprBuilder.csproj", "{BF47A5DF-0B5F-4AE1-B684-E3EDDD06EE10}"
EndProject
Global
	GlobalSection(SolutionConfigurationPlatforms) = preSolution
		Debug|Any CPU = Debug|Any CPU
		Release|Any CPU = Release|Any CPU
	EndGlobalSection
	GlobalSection(ProjectConfigurationPlatforms) = postSolution
		{323AFF7D-3B38-45FE-985F-ED42DB5D9977}.Debug|Any CPU.ActiveCfg = Debug|Any CPU
		{323AFF7D-3B38-45FE-985F-ED42DB5D9977}.Debug|Any CPU.Build.0 = Debug|Any CPU
		{323AFF7D-3B38-45FE-985F-ED42DB5D9977}.Release|Any CPU.ActiveCfg = Release|Any CPU
		{323AFF7D-3B38-45FE-985F-ED42DB5D9977}.Release|Any CPU.Build.0 = Release|Any CPU
		{BCB698BD-E894-42E1-8012-D95835B9108E}.Debug|Any CPU.ActiveCfg = Debug|Any CPU
		{BCB698BD-E894-42E1-8012-D95835B9108E}.Debug|Any CPU.Build.0 = Debug|Any CPU
		{BCB698BD-E894-42E1-8012-D95835B9108E}.Release|Any CPU.ActiveCfg = Release|Any CPU
		{BCB698BD-E894-42E1-8012-D95835B9108E}.Release|Any CPU.Build.0 = Release|Any CPU
		{BF47A5DF-0B5F-4AE1-B684-E3EDDD06EE10}.Debug|Any CPU.ActiveCfg = Debug|Any CPU
		{BF47A5DF-0B5F-4AE1-B684-E3EDDD06EE10}.Debug|Any CPU.Build.0 = Debug|Any CPU
		{BF47A5DF-0B5F-4AE1-B684-E3EDDD06EE10}.Release|Any CPU.ActiveCfg = Release|Any CPU
		{BF47A5DF-0B5F-4AE1-B684-E3EDDD06EE10}.Release|Any CPU.Build.0 = Release|Any CPU
	EndGlobalSection
	GlobalSection(SolutionProperties) = preSolution
		HideSolutionNode = FALSE
	EndGlobalSection
	GlobalSection(NestedProjects) = preSolution
		{323AFF7D-3B38-45FE-985F-ED42DB5D9977} = {57D0DC39-872C-487D-81A5-33F97D599D20}
		{BF47A5DF-0B5F-4AE1-B684-E3EDDD06EE10} = {57D0DC39-872C-487D-81A5-33F97D599D20}
	EndGlobalSection
	GlobalSection(ExtensibilityGlobals) = postSolution
		SolutionGuid = {00222FFF-A92B-4AE9-9933-32FB31ABC85F}
	EndGlobalSection
	GlobalSection(Performance) = preSolution
		HasPerformanceSessions = true
	EndGlobalSection
	GlobalSection(Performance) = preSolution
		HasPerformanceSessions = true
	EndGlobalSection
EndGlobal
